{
  "name": "wis-visualization",
  "version": "1.0.0",
  "lockfileVersion": 2,
  "requires": true,
  "packages": {
    "": {
      "name": "wis-visualization",
      "version": "1.0.0",
      "license": "ISC",
      "dependencies": {
        "webchalk-animate": "file:../webchalk/tarballs/webchalk-animate-0.29.1.tgz"
      },
      "devDependencies": {
        "typescript": "^5.0.4"
      }
    },
    "node_modules/typescript": {
      "version": "5.0.4",
      "resolved": "https://registry.npmjs.org/typescript/-/typescript-5.0.4.tgz",
      "integrity": "sha512-cW9T5W9xY37cc+jfEnaUvX91foxtHkza3Nw3wkoF4sSlKn0MONdkdEndig/qPBWXNkmplh3NzayQzCiHM4/hqw==",
      "dev": true,
      "bin": {
        "tsc": "bin/tsc",
        "tsserver": "bin/tsserver"
      },
      "engines": {
        "node": ">=12.20"
      }
    },
    "node_modules/webchalk-animate": {
      "version": "0.29.1",
      "resolved": "file:../webchalk/tarballs/webchalk-animate-0.29.1.tgz",
      "integrity": "sha512-HW3nZNIDDhEF2MUgb/0sUs+Mwr/mKp1nfqCYXqQSeRXOh2Buu9qDzjslwpEkN5xw96+kVqV/+RRZGPmEyq/kyQ==",
      "license": "ISC"
    }
  },
  "dependencies": {
    "typescript": {
      "version": "5.0.4",
      "resolved": "https://registry.npmjs.org/typescript/-/typescript-5.0.4.tgz",
      "integrity": "sha512-cW9T5W9xY37cc+jfEnaUvX91foxtHkza3Nw3wkoF4sSlKn0MONdkdEndig/qPBWXNkmplh3NzayQzCiHM4/hqw==",
      "dev": true
    },
    "webchalk-animate": {
      "version": "file:..\\webchalk\\tarballs\\webchalk-animate-0.29.1.tgz",
      "integrity": "sha512-HW3nZNIDDhEF2MUgb/0sUs+Mwr/mKp1nfqCYXqQSeRXOh2Buu9qDzjslwpEkN5xw96+kVqV/+RRZGPmEyq/kyQ=="
    }
  }
}
